// !$*UTF8*$!
{
	archiveVersion = 1;
	classes = {
	};
	objectVersion = 50;
	objects = {

/* Begin PBXBuildFile section */
		8401852A2097550C002B7475 /* AFSENetworking.m in Sources */ = {isa = PBXBuildFile; fileRef = 840185292097550C002B7475 /* AFSENetworking.m */; };
		8401852D20975DB3002B7475 /* AFSEGenreModel.m in Sources */ = {isa = PBXBuildFile; fileRef = 8401852C20975DB3002B7475 /* AFSEGenreModel.m */; };
		84066945208F64C5008451A6 /* AFSECustomMovieTableViewCell.m in Sources */ = {isa = PBXBuildFile; fileRef = 84066943208F64C5008451A6 /* AFSECustomMovieTableViewCell.m */; };
		84066946208F64C5008451A6 /* AFSECustomMovieTableViewCell.xib in Resources */ = {isa = PBXBuildFile; fileRef = 84066944208F64C5008451A6 /* AFSECustomMovieTableViewCell.xib */; };
		8406694A208F776A008451A6 /* movie.jpg in Resources */ = {isa = PBXBuildFile; fileRef = 84066947208F776A008451A6 /* movie.jpg */; };
		8406694B208F776A008451A6 /* movieDB.jpg in Resources */ = {isa = PBXBuildFile; fileRef = 84066948208F776A008451A6 /* movieDB.jpg */; };
		8406694C208F776A008451A6 /* tv.png in Resources */ = {isa = PBXBuildFile; fileRef = 84066949208F776A008451A6 /* tv.png */; };
		84066950208F7851008451A6 /* AFSECustomTvSeriesTableViewCell.m in Sources */ = {isa = PBXBuildFile; fileRef = 8406694E208F7851008451A6 /* AFSECustomTvSeriesTableViewCell.m */; };
		84066951208F7851008451A6 /* AFSECustomTvSeriesTableViewCell.xib in Resources */ = {isa = PBXBuildFile; fileRef = 8406694F208F7851008451A6 /* AFSECustomTvSeriesTableViewCell.xib */; };
		84066953208F894C008451A6 /* SearchVC.m in Sources */ = {isa = PBXBuildFile; fileRef = 84066952208F894C008451A6 /* SearchVC.m */; };
		841E479E2084FAD800944375 /* CustomTableViewCell.m in Sources */ = {isa = PBXBuildFile; fileRef = 841E479D2084FAD800944375 /* CustomTableViewCell.m */; };
		842A6F9D209CA6CA00255CEA /* AFSENetworkManager.m in Sources */ = {isa = PBXBuildFile; fileRef = 842A6F9C209CA6CA00255CEA /* AFSENetworkManager.m */; };
		844A6F942083D6C2000ECC8E /* DetailsVC.m in Sources */ = {isa = PBXBuildFile; fileRef = 844A6F932083D6C2000ECC8E /* DetailsVC.m */; };
		847C59D0209BB459003807EC /* AFSEGroupOfShows.m in Sources */ = {isa = PBXBuildFile; fileRef = 847C59CE209BB459003807EC /* AFSEGroupOfShows.m */; };
		847F04B3208E4A6700CA7C1A /* NSString_stripHtml.m in Sources */ = {isa = PBXBuildFile; fileRef = 847F04B2208E4A6700CA7C1A /* NSString_stripHtml.m */; };
		84B3CF66208A32090098CB5F /* Show.m in Sources */ = {isa = PBXBuildFile; fileRef = 84B3CF60208A32090098CB5F /* Show.m */; };
		84B3CF67208A32090098CB5F /* TvSeries.m in Sources */ = {isa = PBXBuildFile; fileRef = 84B3CF62208A32090098CB5F /* TvSeries.m */; };
		84B3CF68208A32090098CB5F /* Movie.m in Sources */ = {isa = PBXBuildFile; fileRef = 84B3CF65208A32090098CB5F /* Movie.m */; };
		84CB2BF12076428F0025C9BA /* AppDelegate.m in Sources */ = {isa = PBXBuildFile; fileRef = 84CB2BF02076428F0025C9BA /* AppDelegate.m */; };
		84CB2BF72076428F0025C9BA /* Main.storyboard in Resources */ = {isa = PBXBuildFile; fileRef = 84CB2BF52076428F0025C9BA /* Main.storyboard */; };
		84CB2BF9207642910025C9BA /* Assets.xcassets in Resources */ = {isa = PBXBuildFile; fileRef = 84CB2BF8207642910025C9BA /* Assets.xcassets */; };
		84CB2BFC207642910025C9BA /* LaunchScreen.storyboard in Resources */ = {isa = PBXBuildFile; fileRef = 84CB2BFA207642910025C9BA /* LaunchScreen.storyboard */; };
		84CB2BFF207642910025C9BA /* main.m in Sources */ = {isa = PBXBuildFile; fileRef = 84CB2BFE207642910025C9BA /* main.m */; };
		84CB2C09207642910025C9BA /* TVMazeTests.m in Sources */ = {isa = PBXBuildFile; fileRef = 84CB2C08207642910025C9BA /* TVMazeTests.m */; };
		84CB2C14207642910025C9BA /* TVMazeUITests.m in Sources */ = {isa = PBXBuildFile; fileRef = 84CB2C13207642910025C9BA /* TVMazeUITests.m */; };
		84E92FCF2087E91C00923956 /* PickShowTypeVC.m in Sources */ = {isa = PBXBuildFile; fileRef = 84E92FCE2087E91C00923956 /* PickShowTypeVC.m */; };
		84F1CD04208615B600CBB214 /* NSArray+RandomObject.m in Sources */ = {isa = PBXBuildFile; fileRef = 84F1CD03208615B600CBB214 /* NSArray+RandomObject.m */; };
/* End PBXBuildFile section */

/* Begin PBXContainerItemProxy section */
		84CB2C05207642910025C9BA /* PBXContainerItemProxy */ = {
			isa = PBXContainerItemProxy;
			containerPortal = 84CB2BE42076428E0025C9BA /* Project object */;
			proxyType = 1;
			remoteGlobalIDString = 84CB2BEB2076428E0025C9BA;
			remoteInfo = TVMaze;
		};
		84CB2C10207642910025C9BA /* PBXContainerItemProxy */ = {
			isa = PBXContainerItemProxy;
			containerPortal = 84CB2BE42076428E0025C9BA /* Project object */;
			proxyType = 1;
			remoteGlobalIDString = 84CB2BEB2076428E0025C9BA;
			remoteInfo = TVMaze;
		};
/* End PBXContainerItemProxy section */

/* Begin PBXFileReference section */
		237504212EC30DF95E6A98F4 /* Pods-TVMaze.debug.xcconfig */ = {isa = PBXFileReference; includeInIndex = 1; lastKnownFileType = text.xcconfig; name = "Pods-TVMaze.debug.xcconfig"; path = "Pods/Target Support Files/Pods-TVMaze/Pods-TVMaze.debug.xcconfig"; sourceTree = "<group>"; };
		840185282097550C002B7475 /* AFSENetworking.h */ = {isa = PBXFileReference; lastKnownFileType = sourcecode.c.h; path = AFSENetworking.h; sourceTree = "<group>"; };
		840185292097550C002B7475 /* AFSENetworking.m */ = {isa = PBXFileReference; lastKnownFileType = sourcecode.c.objc; path = AFSENetworking.m; sourceTree = "<group>"; };
		8401852B20975DB3002B7475 /* AFSEGenreModel.h */ = {isa = PBXFileReference; lastKnownFileType = sourcecode.c.h; path = AFSEGenreModel.h; sourceTree = "<group>"; };
		8401852C20975DB3002B7475 /* AFSEGenreModel.m */ = {isa = PBXFileReference; lastKnownFileType = sourcecode.c.objc; path = AFSEGenreModel.m; sourceTree = "<group>"; };
		8403D44B20A1DC66004D84F5 /* AFSENetworkManagerDelegate.h */ = {isa = PBXFileReference; lastKnownFileType = sourcecode.c.h; path = AFSENetworkManagerDelegate.h; sourceTree = "<group>"; };
		84066942208F64C5008451A6 /* AFSECustomMovieTableViewCell.h */ = {isa = PBXFileReference; lastKnownFileType = sourcecode.c.h; path = AFSECustomMovieTableViewCell.h; sourceTree = "<group>"; };
		84066943208F64C5008451A6 /* AFSECustomMovieTableViewCell.m */ = {isa = PBXFileReference; lastKnownFileType = sourcecode.c.objc; path = AFSECustomMovieTableViewCell.m; sourceTree = "<group>"; };
		84066944208F64C5008451A6 /* AFSECustomMovieTableViewCell.xib */ = {isa = PBXFileReference; lastKnownFileType = file.xib; path = AFSECustomMovieTableViewCell.xib; sourceTree = "<group>"; };
		84066947208F776A008451A6 /* movie.jpg */ = {isa = PBXFileReference; lastKnownFileType = image.jpeg; path = movie.jpg; sourceTree = "<group>"; };
		84066948208F776A008451A6 /* movieDB.jpg */ = {isa = PBXFileReference; lastKnownFileType = image.jpeg; path = movieDB.jpg; sourceTree = "<group>"; };
		84066949208F776A008451A6 /* tv.png */ = {isa = PBXFileReference; lastKnownFileType = image.png; path = tv.png; sourceTree = "<group>"; };
		8406694D208F7851008451A6 /* AFSECustomTvSeriesTableViewCell.h */ = {isa = PBXFileReference; lastKnownFileType = sourcecode.c.h; path = AFSECustomTvSeriesTableViewCell.h; sourceTree = "<group>"; };
		8406694E208F7851008451A6 /* AFSECustomTvSeriesTableViewCell.m */ = {isa = PBXFileReference; lastKnownFileType = sourcecode.c.objc; path = AFSECustomTvSeriesTableViewCell.m; sourceTree = "<group>"; };
		8406694F208F7851008451A6 /* AFSECustomTvSeriesTableViewCell.xib */ = {isa = PBXFileReference; lastKnownFileType = file.xib; path = AFSECustomTvSeriesTableViewCell.xib; sourceTree = "<group>"; };
		84066952208F894C008451A6 /* SearchVC.m */ = {isa = PBXFileReference; fileEncoding = 4; lastKnownFileType = sourcecode.c.objc; path = SearchVC.m; sourceTree = "<group>"; };
		841E479C2084FAD800944375 /* CustomTableViewCell.h */ = {isa = PBXFileReference; lastKnownFileType = sourcecode.c.h; path = CustomTableViewCell.h; sourceTree = "<group>"; };
		841E479D2084FAD800944375 /* CustomTableViewCell.m */ = {isa = PBXFileReference; lastKnownFileType = sourcecode.c.objc; path = CustomTableViewCell.m; sourceTree = "<group>"; };
		842A6F9B209CA6CA00255CEA /* AFSENetworkManager.h */ = {isa = PBXFileReference; lastKnownFileType = sourcecode.c.h; path = AFSENetworkManager.h; sourceTree = "<group>"; };
		842A6F9C209CA6CA00255CEA /* AFSENetworkManager.m */ = {isa = PBXFileReference; lastKnownFileType = sourcecode.c.objc; path = AFSENetworkManager.m; sourceTree = "<group>"; };
		844A6F8F2083D63D000ECC8E /* SearchVC.h */ = {isa = PBXFileReference; lastKnownFileType = sourcecode.c.h; path = SearchVC.h; sourceTree = "<group>"; };
		844A6F922083D6C2000ECC8E /* DetailsVC.h */ = {isa = PBXFileReference; lastKnownFileType = sourcecode.c.h; path = DetailsVC.h; sourceTree = "<group>"; };
		844A6F932083D6C2000ECC8E /* DetailsVC.m */ = {isa = PBXFileReference; lastKnownFileType = sourcecode.c.objc; path = DetailsVC.m; sourceTree = "<group>"; };
		847C59CE209BB459003807EC /* AFSEGroupOfShows.m */ = {isa = PBXFileReference; fileEncoding = 4; lastKnownFileType = sourcecode.c.objc; name = AFSEGroupOfShows.m; path = TVMaze/Models/AFSEGroupOfShows.m; sourceTree = SOURCE_ROOT; };
		847C59CF209BB459003807EC /* AFSEGroupOfShows.h */ = {isa = PBXFileReference; fileEncoding = 4; lastKnownFileType = sourcecode.c.h; name = AFSEGroupOfShows.h; path = TVMaze/Models/AFSEGroupOfShows.h; sourceTree = SOURCE_ROOT; };
		847F04B1208E4A6700CA7C1A /* NSString_stripHtml.h */ = {isa = PBXFileReference; fileEncoding = 4; lastKnownFileType = sourcecode.c.h; path = NSString_stripHtml.h; sourceTree = "<group>"; };
		847F04B2208E4A6700CA7C1A /* NSString_stripHtml.m */ = {isa = PBXFileReference; fileEncoding = 4; lastKnownFileType = sourcecode.c.objc; path = NSString_stripHtml.m; sourceTree = "<group>"; };
		84B3CF60208A32090098CB5F /* Show.m */ = {isa = PBXFileReference; fileEncoding = 4; lastKnownFileType = sourcecode.c.objc; path = Show.m; sourceTree = "<group>"; };
		84B3CF61208A32090098CB5F /* Movie.h */ = {isa = PBXFileReference; fileEncoding = 4; lastKnownFileType = sourcecode.c.h; path = Movie.h; sourceTree = "<group>"; };
		84B3CF62208A32090098CB5F /* TvSeries.m */ = {isa = PBXFileReference; fileEncoding = 4; lastKnownFileType = sourcecode.c.objc; path = TvSeries.m; sourceTree = "<group>"; };
		84B3CF63208A32090098CB5F /* Show.h */ = {isa = PBXFileReference; fileEncoding = 4; lastKnownFileType = sourcecode.c.h; path = Show.h; sourceTree = "<group>"; };
		84B3CF64208A32090098CB5F /* TvSeries.h */ = {isa = PBXFileReference; fileEncoding = 4; lastKnownFileType = sourcecode.c.h; path = TvSeries.h; sourceTree = "<group>"; };
		84B3CF65208A32090098CB5F /* Movie.m */ = {isa = PBXFileReference; fileEncoding = 4; lastKnownFileType = sourcecode.c.objc; path = Movie.m; sourceTree = "<group>"; };
		84CB2BEC2076428E0025C9BA /* TVMaze.app */ = {isa = PBXFileReference; explicitFileType = wrapper.application; includeInIndex = 0; path = TVMaze.app; sourceTree = BUILT_PRODUCTS_DIR; };
		84CB2BEF2076428E0025C9BA /* AppDelegate.h */ = {isa = PBXFileReference; lastKnownFileType = sourcecode.c.h; path = AppDelegate.h; sourceTree = "<group>"; };
		84CB2BF02076428F0025C9BA /* AppDelegate.m */ = {isa = PBXFileReference; lastKnownFileType = sourcecode.c.objc; path = AppDelegate.m; sourceTree = "<group>"; };
		84CB2BF62076428F0025C9BA /* Base */ = {isa = PBXFileReference; lastKnownFileType = file.storyboard; name = Base; path = Base.lproj/Main.storyboard; sourceTree = "<group>"; };
		84CB2BF8207642910025C9BA /* Assets.xcassets */ = {isa = PBXFileReference; lastKnownFileType = folder.assetcatalog; path = Assets.xcassets; sourceTree = "<group>"; };
		84CB2BFB207642910025C9BA /* Base */ = {isa = PBXFileReference; lastKnownFileType = file.storyboard; name = Base; path = Base.lproj/LaunchScreen.storyboard; sourceTree = "<group>"; };
		84CB2BFD207642910025C9BA /* Info.plist */ = {isa = PBXFileReference; lastKnownFileType = text.plist.xml; path = Info.plist; sourceTree = "<group>"; };
		84CB2BFE207642910025C9BA /* main.m */ = {isa = PBXFileReference; lastKnownFileType = sourcecode.c.objc; path = main.m; sourceTree = "<group>"; };
		84CB2C04207642910025C9BA /* TVMazeTests.xctest */ = {isa = PBXFileReference; explicitFileType = wrapper.cfbundle; includeInIndex = 0; path = TVMazeTests.xctest; sourceTree = BUILT_PRODUCTS_DIR; };
		84CB2C08207642910025C9BA /* TVMazeTests.m */ = {isa = PBXFileReference; lastKnownFileType = sourcecode.c.objc; path = TVMazeTests.m; sourceTree = "<group>"; };
		84CB2C0A207642910025C9BA /* Info.plist */ = {isa = PBXFileReference; lastKnownFileType = text.plist.xml; path = Info.plist; sourceTree = "<group>"; };
		84CB2C0F207642910025C9BA /* TVMazeUITests.xctest */ = {isa = PBXFileReference; explicitFileType = wrapper.cfbundle; includeInIndex = 0; path = TVMazeUITests.xctest; sourceTree = BUILT_PRODUCTS_DIR; };
		84CB2C13207642910025C9BA /* TVMazeUITests.m */ = {isa = PBXFileReference; lastKnownFileType = sourcecode.c.objc; path = TVMazeUITests.m; sourceTree = "<group>"; };
		84CB2C15207642910025C9BA /* Info.plist */ = {isa = PBXFileReference; lastKnownFileType = text.plist.xml; path = Info.plist; sourceTree = "<group>"; };
		84E92FCD2087E91C00923956 /* PickShowTypeVC.h */ = {isa = PBXFileReference; lastKnownFileType = sourcecode.c.h; path = PickShowTypeVC.h; sourceTree = "<group>"; };
		84E92FCE2087E91C00923956 /* PickShowTypeVC.m */ = {isa = PBXFileReference; lastKnownFileType = sourcecode.c.objc; path = PickShowTypeVC.m; sourceTree = "<group>"; };
		84F1CD02208615B600CBB214 /* NSArray+RandomObject.h */ = {isa = PBXFileReference; lastKnownFileType = sourcecode.c.h; path = "NSArray+RandomObject.h"; sourceTree = "<group>"; };
		84F1CD03208615B600CBB214 /* NSArray+RandomObject.m */ = {isa = PBXFileReference; lastKnownFileType = sourcecode.c.objc; path = "NSArray+RandomObject.m"; sourceTree = "<group>"; };
		89540801342725E88951696E /* Pods-TVMazeUITests.debug.xcconfig */ = {isa = PBXFileReference; includeInIndex = 1; lastKnownFileType = text.xcconfig; name = "Pods-TVMazeUITests.debug.xcconfig"; path = "Pods/Target Support Files/Pods-TVMazeUITests/Pods-TVMazeUITests.debug.xcconfig"; sourceTree = "<group>"; };
		8A938C755EB8CF2174FB98EC /* Pods-TVMazeTests.debug.xcconfig */ = {isa = PBXFileReference; includeInIndex = 1; lastKnownFileType = text.xcconfig; name = "Pods-TVMazeTests.debug.xcconfig"; path = "Pods/Target Support Files/Pods-TVMazeTests/Pods-TVMazeTests.debug.xcconfig"; sourceTree = "<group>"; };
		ACBF86BFAF55E5069289C7D8 /* Pods-TVMazeUITests.release.xcconfig */ = {isa = PBXFileReference; includeInIndex = 1; lastKnownFileType = text.xcconfig; name = "Pods-TVMazeUITests.release.xcconfig"; path = "Pods/Target Support Files/Pods-TVMazeUITests/Pods-TVMazeUITests.release.xcconfig"; sourceTree = "<group>"; };
		B47B49006C252A8DC85185B8 /* Pods-TVMazeTests.release.xcconfig */ = {isa = PBXFileReference; includeInIndex = 1; lastKnownFileType = text.xcconfig; name = "Pods-TVMazeTests.release.xcconfig"; path = "Pods/Target Support Files/Pods-TVMazeTests/Pods-TVMazeTests.release.xcconfig"; sourceTree = "<group>"; };
		FD2D8933287F2ACE9045AC60 /* Pods-TVMaze.release.xcconfig */ = {isa = PBXFileReference; includeInIndex = 1; lastKnownFileType = text.xcconfig; name = "Pods-TVMaze.release.xcconfig"; path = "Pods/Target Support Files/Pods-TVMaze/Pods-TVMaze.release.xcconfig"; sourceTree = "<group>"; };
/* End PBXFileReference section */

/* Begin PBXFrameworksBuildPhase section */
		84CB2BE92076428E0025C9BA /* Frameworks */ = {
			isa = PBXFrameworksBuildPhase;
			buildActionMask = 2147483647;
			files = (
			);
			runOnlyForDeploymentPostprocessing = 0;
		};
		84CB2C01207642910025C9BA /* Frameworks */ = {
			isa = PBXFrameworksBuildPhase;
			buildActionMask = 2147483647;
			files = (
			);
			runOnlyForDeploymentPostprocessing = 0;
		};
		84CB2C0C207642910025C9BA /* Frameworks */ = {
			isa = PBXFrameworksBuildPhase;
			buildActionMask = 2147483647;
			files = (
			);
			runOnlyForDeploymentPostprocessing = 0;
		};
/* End PBXFrameworksBuildPhase section */

/* Begin PBXGroup section */
		4F4BBCEE3D6A793CFAEC22A9 /* Frameworks */ = {
			isa = PBXGroup;
			children = (
			);
			name = Frameworks;
			sourceTree = "<group>";
		};
		841E479B2084B87D00944375 /* ViewControllers */ = {
			isa = PBXGroup;
			children = (
				844A6F922083D6C2000ECC8E /* DetailsVC.h */,
				844A6F932083D6C2000ECC8E /* DetailsVC.m */,
				844A6F8F2083D63D000ECC8E /* SearchVC.h */,
				84066952208F894C008451A6 /* SearchVC.m */,
				84E92FCD2087E91C00923956 /* PickShowTypeVC.h */,
				84E92FCE2087E91C00923956 /* PickShowTypeVC.m */,
			);
			path = ViewControllers;
			sourceTree = "<group>";
		};
		84B3CF5F208A32090098CB5F /* Models */ = {
			isa = PBXGroup;
			children = (
				84B3CF60208A32090098CB5F /* Show.m */,
				84B3CF63208A32090098CB5F /* Show.h */,
				84B3CF62208A32090098CB5F /* TvSeries.m */,
				84B3CF64208A32090098CB5F /* TvSeries.h */,
				84B3CF61208A32090098CB5F /* Movie.h */,
				84B3CF65208A32090098CB5F /* Movie.m */,
				8401852B20975DB3002B7475 /* AFSEGenreModel.h */,
				8401852C20975DB3002B7475 /* AFSEGenreModel.m */,
				847C59CF209BB459003807EC /* AFSEGroupOfShows.h */,
				847C59CE209BB459003807EC /* AFSEGroupOfShows.m */,
			);
			path = Models;
			sourceTree = "<group>";
		};
		84B3CF69208A32280098CB5F /* Resources */ = {
			isa = PBXGroup;
			children = (
				84066947208F776A008451A6 /* movie.jpg */,
				84066948208F776A008451A6 /* movieDB.jpg */,
				84066949208F776A008451A6 /* tv.png */,
			);
			path = Resources;
			sourceTree = "<group>";
		};
		84CB2BE32076428E0025C9BA = {
			isa = PBXGroup;
			children = (
				84CB2BEE2076428E0025C9BA /* TVMaze */,
				84CB2C07207642910025C9BA /* TVMazeTests */,
				84CB2C12207642910025C9BA /* TVMazeUITests */,
				84CB2BED2076428E0025C9BA /* Products */,
				BAAC50B7F04F87F1A2B8C6A8 /* Pods */,
				4F4BBCEE3D6A793CFAEC22A9 /* Frameworks */,
			);
			sourceTree = "<group>";
		};
		84CB2BED2076428E0025C9BA /* Products */ = {
			isa = PBXGroup;
			children = (
				84CB2BEC2076428E0025C9BA /* TVMaze.app */,
				84CB2C04207642910025C9BA /* TVMazeTests.xctest */,
				84CB2C0F207642910025C9BA /* TVMazeUITests.xctest */,
			);
			name = Products;
			sourceTree = "<group>";
		};
		84CB2BEE2076428E0025C9BA /* TVMaze */ = {
			isa = PBXGroup;
			children = (
				84CB2BEF2076428E0025C9BA /* AppDelegate.h */,
				84CB2BF02076428F0025C9BA /* AppDelegate.m */,
				841E479C2084FAD800944375 /* CustomTableViewCell.h */,
				841E479D2084FAD800944375 /* CustomTableViewCell.m */,
				84F1CD02208615B600CBB214 /* NSArray+RandomObject.h */,
				84F1CD03208615B600CBB214 /* NSArray+RandomObject.m */,
				847F04B1208E4A6700CA7C1A /* NSString_stripHtml.h */,
				847F04B2208E4A6700CA7C1A /* NSString_stripHtml.m */,
				840185282097550C002B7475 /* AFSENetworking.h */,
				840185292097550C002B7475 /* AFSENetworking.m */,
				842A6F9B209CA6CA00255CEA /* AFSENetworkManager.h */,
				842A6F9C209CA6CA00255CEA /* AFSENetworkManager.m */,
				8403D44B20A1DC66004D84F5 /* AFSENetworkManagerDelegate.h */,
				84B3CF5F208A32090098CB5F /* Models */,
				84B3CF69208A32280098CB5F /* Resources */,
				841E479B2084B87D00944375 /* ViewControllers */,
				84CB2BF8207642910025C9BA /* Assets.xcassets */,
				84CB2BF52076428F0025C9BA /* Main.storyboard */,
				84066942208F64C5008451A6 /* AFSECustomMovieTableViewCell.h */,
				84066943208F64C5008451A6 /* AFSECustomMovieTableViewCell.m */,
				84066944208F64C5008451A6 /* AFSECustomMovieTableViewCell.xib */,
				8406694D208F7851008451A6 /* AFSECustomTvSeriesTableViewCell.h */,
				8406694E208F7851008451A6 /* AFSECustomTvSeriesTableViewCell.m */,
				8406694F208F7851008451A6 /* AFSECustomTvSeriesTableViewCell.xib */,
				84CB2BFA207642910025C9BA /* LaunchScreen.storyboard */,
				84CB2BFD207642910025C9BA /* Info.plist */,
				84CB2BFE207642910025C9BA /* main.m */,
			);
			path = TVMaze;
			sourceTree = "<group>";
		};
		84CB2C07207642910025C9BA /* TVMazeTests */ = {
			isa = PBXGroup;
			children = (
				84CB2C08207642910025C9BA /* TVMazeTests.m */,
				84CB2C0A207642910025C9BA /* Info.plist */,
			);
			path = TVMazeTests;
			sourceTree = "<group>";
		};
		84CB2C12207642910025C9BA /* TVMazeUITests */ = {
			isa = PBXGroup;
			children = (
				84CB2C13207642910025C9BA /* TVMazeUITests.m */,
				84CB2C15207642910025C9BA /* Info.plist */,
			);
			path = TVMazeUITests;
			sourceTree = "<group>";
		};
		BAAC50B7F04F87F1A2B8C6A8 /* Pods */ = {
			isa = PBXGroup;
			children = (
				237504212EC30DF95E6A98F4 /* Pods-TVMaze.debug.xcconfig */,
				FD2D8933287F2ACE9045AC60 /* Pods-TVMaze.release.xcconfig */,
				8A938C755EB8CF2174FB98EC /* Pods-TVMazeTests.debug.xcconfig */,
				B47B49006C252A8DC85185B8 /* Pods-TVMazeTests.release.xcconfig */,
				89540801342725E88951696E /* Pods-TVMazeUITests.debug.xcconfig */,
				ACBF86BFAF55E5069289C7D8 /* Pods-TVMazeUITests.release.xcconfig */,
			);
			name = Pods;
			sourceTree = "<group>";
		};
/* End PBXGroup section */

/* Begin PBXNativeTarget section */
		84CB2BEB2076428E0025C9BA /* TVMaze */ = {
			isa = PBXNativeTarget;
			buildConfigurationList = 84CB2C18207642910025C9BA /* Build configuration list for PBXNativeTarget "TVMaze" */;
			buildPhases = (
				84CB2BE82076428E0025C9BA /* Sources */,
				84CB2BE92076428E0025C9BA /* Frameworks */,
				84CB2BEA2076428E0025C9BA /* Resources */,
			);
			buildRules = (
			);
			dependencies = (
			);
			name = TVMaze;
			productName = TVMaze;
			productReference = 84CB2BEC2076428E0025C9BA /* TVMaze.app */;
			productType = "com.apple.product-type.application";
		};
		84CB2C03207642910025C9BA /* TVMazeTests */ = {
			isa = PBXNativeTarget;
			buildConfigurationList = 84CB2C1B207642910025C9BA /* Build configuration list for PBXNativeTarget "TVMazeTests" */;
			buildPhases = (
				8AF09E909D2C877B3F32A8F4 /* [CP] Check Pods Manifest.lock */,
				84CB2C00207642910025C9BA /* Sources */,
				84CB2C01207642910025C9BA /* Frameworks */,
				84CB2C02207642910025C9BA /* Resources */,
			);
			buildRules = (
			);
			dependencies = (
				84CB2C06207642910025C9BA /* PBXTargetDependency */,
			);
			name = TVMazeTests;
			productName = TVMazeTests;
			productReference = 84CB2C04207642910025C9BA /* TVMazeTests.xctest */;
			productType = "com.apple.product-type.bundle.unit-test";
		};
		84CB2C0E207642910025C9BA /* TVMazeUITests */ = {
			isa = PBXNativeTarget;
			buildConfigurationList = 84CB2C1E207642910025C9BA /* Build configuration list for PBXNativeTarget "TVMazeUITests" */;
			buildPhases = (
				C1950DA22D2BAF25F3316CE0 /* [CP] Check Pods Manifest.lock */,
				84CB2C0B207642910025C9BA /* Sources */,
				84CB2C0C207642910025C9BA /* Frameworks */,
				84CB2C0D207642910025C9BA /* Resources */,
			);
			buildRules = (
			);
			dependencies = (
				84CB2C11207642910025C9BA /* PBXTargetDependency */,
			);
			name = TVMazeUITests;
			productName = TVMazeUITests;
			productReference = 84CB2C0F207642910025C9BA /* TVMazeUITests.xctest */;
			productType = "com.apple.product-type.bundle.ui-testing";
		};
/* End PBXNativeTarget section */

/* Begin PBXProject section */
		84CB2BE42076428E0025C9BA /* Project object */ = {
			isa = PBXProject;
			attributes = {
				CLASSPREFIX = AFSE;
				LastUpgradeCheck = 0930;
				ORGANIZATIONNAME = "Advantage FSE";
				TargetAttributes = {
					84CB2BEB2076428E0025C9BA = {
						CreatedOnToolsVersion = 9.3;
					};
					84CB2C03207642910025C9BA = {
						CreatedOnToolsVersion = 9.3;
						TestTargetID = 84CB2BEB2076428E0025C9BA;
					};
					84CB2C0E207642910025C9BA = {
						CreatedOnToolsVersion = 9.3;
						TestTargetID = 84CB2BEB2076428E0025C9BA;
					};
				};
			};
			buildConfigurationList = 84CB2BE72076428E0025C9BA /* Build configuration list for PBXProject "TVMaze" */;
			compatibilityVersion = "Xcode 9.3";
			developmentRegion = en;
			hasScannedForEncodings = 0;
			knownRegions = (
				en,
				Base,
			);
			mainGroup = 84CB2BE32076428E0025C9BA;
			productRefGroup = 84CB2BED2076428E0025C9BA /* Products */;
			projectDirPath = "";
			projectRoot = "";
			targets = (
				84CB2BEB2076428E0025C9BA /* TVMaze */,
				84CB2C03207642910025C9BA /* TVMazeTests */,
				84CB2C0E207642910025C9BA /* TVMazeUITests */,
			);
		};
/* End PBXProject section */

/* Begin PBXResourcesBuildPhase section */
		84CB2BEA2076428E0025C9BA /* Resources */ = {
			isa = PBXResourcesBuildPhase;
			buildActionMask = 2147483647;
			files = (
				8406694B208F776A008451A6 /* movieDB.jpg in Resources */,
				84CB2BFC207642910025C9BA /* LaunchScreen.storyboard in Resources */,
				8406694A208F776A008451A6 /* movie.jpg in Resources */,
				84066946208F64C5008451A6 /* AFSECustomMovieTableViewCell.xib in Resources */,
				8406694C208F776A008451A6 /* tv.png in Resources */,
				84CB2BF9207642910025C9BA /* Assets.xcassets in Resources */,
				84066951208F7851008451A6 /* AFSECustomTvSeriesTableViewCell.xib in Resources */,
				84CB2BF72076428F0025C9BA /* Main.storyboard in Resources */,
			);
			runOnlyForDeploymentPostprocessing = 0;
		};
		84CB2C02207642910025C9BA /* Resources */ = {
			isa = PBXResourcesBuildPhase;
			buildActionMask = 2147483647;
			files = (
			);
			runOnlyForDeploymentPostprocessing = 0;
		};
		84CB2C0D207642910025C9BA /* Resources */ = {
			isa = PBXResourcesBuildPhase;
			buildActionMask = 2147483647;
			files = (
			);
			runOnlyForDeploymentPostprocessing = 0;
		};
/* End PBXResourcesBuildPhase section */

/* Begin PBXShellScriptBuildPhase section */
		8AF09E909D2C877B3F32A8F4 /* [CP] Check Pods Manifest.lock */ = {
			isa = PBXShellScriptBuildPhase;
			buildActionMask = 2147483647;
			files = (
			);
			inputPaths = (
				"${PODS_PODFILE_DIR_PATH}/Podfile.lock",
				"${PODS_ROOT}/Manifest.lock",
			);
			name = "[CP] Check Pods Manifest.lock";
			outputPaths = (
				"$(DERIVED_FILE_DIR)/Pods-TVMazeTests-checkManifestLockResult.txt",
			);
			runOnlyForDeploymentPostprocessing = 0;
			shellPath = /bin/sh;
			shellScript = "diff \"${PODS_PODFILE_DIR_PATH}/Podfile.lock\" \"${PODS_ROOT}/Manifest.lock\" > /dev/null\nif [ $? != 0 ] ; then\n    # print error to STDERR\n    echo \"error: The sandbox is not in sync with the Podfile.lock. Run 'pod install' or update your CocoaPods installation.\" >&2\n    exit 1\nfi\n# This output is used by Xcode 'outputs' to avoid re-running this script phase.\necho \"SUCCESS\" > \"${SCRIPT_OUTPUT_FILE_0}\"\n";
			showEnvVarsInLog = 0;
		};
		C1950DA22D2BAF25F3316CE0 /* [CP] Check Pods Manifest.lock */ = {
			isa = PBXShellScriptBuildPhase;
			buildActionMask = 2147483647;
			files = (
			);
			inputPaths = (
				"${PODS_PODFILE_DIR_PATH}/Podfile.lock",
				"${PODS_ROOT}/Manifest.lock",
			);
			name = "[CP] Check Pods Manifest.lock";
			outputPaths = (
				"$(DERIVED_FILE_DIR)/Pods-TVMazeUITests-checkManifestLockResult.txt",
			);
			runOnlyForDeploymentPostprocessing = 0;
			shellPath = /bin/sh;
			shellScript = "diff \"${PODS_PODFILE_DIR_PATH}/Podfile.lock\" \"${PODS_ROOT}/Manifest.lock\" > /dev/null\nif [ $? != 0 ] ; then\n    # print error to STDERR\n    echo \"error: The sandbox is not in sync with the Podfile.lock. Run 'pod install' or update your CocoaPods installation.\" >&2\n    exit 1\nfi\n# This output is used by Xcode 'outputs' to avoid re-running this script phase.\necho \"SUCCESS\" > \"${SCRIPT_OUTPUT_FILE_0}\"\n";
			showEnvVarsInLog = 0;
		};
/* End PBXShellScriptBuildPhase section */

/* Begin PBXSourcesBuildPhase section */
		84CB2BE82076428E0025C9BA /* Sources */ = {
			isa = PBXSourcesBuildPhase;
			buildActionMask = 2147483647;
			files = (
				84B3CF68208A32090098CB5F /* Movie.m in Sources */,
				84066945208F64C5008451A6 /* AFSECustomMovieTableViewCell.m in Sources */,
				847C59D0209BB459003807EC /* AFSEGroupOfShows.m in Sources */,
				84CB2BFF207642910025C9BA /* main.m in Sources */,
				84B3CF66208A32090098CB5F /* Show.m in Sources */,
				84E92FCF2087E91C00923956 /* PickShowTypeVC.m in Sources */,
				8401852D20975DB3002B7475 /* AFSEGenreModel.m in Sources */,
				844A6F942083D6C2000ECC8E /* DetailsVC.m in Sources */,
				8401852A2097550C002B7475 /* AFSENetworking.m in Sources */,
				842A6F9D209CA6CA00255CEA /* AFSENetworkManager.m in Sources */,
				841E479E2084FAD800944375 /* CustomTableViewCell.m in Sources */,
				84F1CD04208615B600CBB214 /* NSArray+RandomObject.m in Sources */,
				84066953208F894C008451A6 /* SearchVC.m in Sources */,
				84B3CF67208A32090098CB5F /* TvSeries.m in Sources */,
				84CB2BF12076428F0025C9BA /* AppDelegate.m in Sources */,
				84066950208F7851008451A6 /* AFSECustomTvSeriesTableViewCell.m in Sources */,
				847F04B3208E4A6700CA7C1A /* NSString_stripHtml.m in Sources */,
			);
			runOnlyForDeploymentPostprocessing = 0;
		};
		84CB2C00207642910025C9BA /* Sources */ = {
			isa = PBXSourcesBuildPhase;
			buildActionMask = 2147483647;
			files = (
				84CB2C09207642910025C9BA /* TVMazeTests.m in Sources */,
			);
			runOnlyForDeploymentPostprocessing = 0;
		};
		84CB2C0B207642910025C9BA /* Sources */ = {
			isa = PBXSourcesBuildPhase;
			buildActionMask = 2147483647;
			files = (
				84CB2C14207642910025C9BA /* TVMazeUITests.m in Sources */,
			);
			runOnlyForDeploymentPostprocessing = 0;
		};
/* End PBXSourcesBuildPhase section */

/* Begin PBXTargetDependency section */
		84CB2C06207642910025C9BA /* PBXTargetDependency */ = {
			isa = PBXTargetDependency;
			target = 84CB2BEB2076428E0025C9BA /* TVMaze */;
			targetProxy = 84CB2C05207642910025C9BA /* PBXContainerItemProxy */;
		};
		84CB2C11207642910025C9BA /* PBXTargetDependency */ = {
			isa = PBXTargetDependency;
			target = 84CB2BEB2076428E0025C9BA /* TVMaze */;
			targetProxy = 84CB2C10207642910025C9BA /* PBXContainerItemProxy */;
		};
/* End PBXTargetDependency section */

/* Begin PBXVariantGroup section */
		84CB2BF52076428F0025C9BA /* Main.storyboard */ = {
			isa = PBXVariantGroup;
			children = (
				84CB2BF62076428F0025C9BA /* Base */,
			);
			name = Main.storyboard;
			sourceTree = "<group>";
		};
		84CB2BFA207642910025C9BA /* LaunchScreen.storyboard */ = {
			isa = PBXVariantGroup;
			children = (
				84CB2BFB207642910025C9BA /* Base */,
			);
			name = LaunchScreen.storyboard;
			sourceTree = "<group>";
		};
/* End PBXVariantGroup section */

/* Begin XCBuildConfiguration section */
		84CB2C16207642910025C9BA /* Debug */ = {
			isa = XCBuildConfiguration;
			buildSettings = {
				ALWAYS_SEARCH_USER_PATHS = NO;
				CLANG_ANALYZER_NONNULL = YES;
				CLANG_ANALYZER_NUMBER_OBJECT_CONVERSION = YES_AGGRESSIVE;
				CLANG_CXX_LANGUAGE_STANDARD = "gnu++14";
				CLANG_CXX_LIBRARY = "libc++";
				CLANG_ENABLE_MODULES = YES;
				CLANG_ENABLE_OBJC_ARC = YES;
				CLANG_ENABLE_OBJC_WEAK = YES;
				CLANG_WARN_BLOCK_CAPTURE_AUTORELEASING = YES;
				CLANG_WARN_BOOL_CONVERSION = YES;
				CLANG_WARN_COMMA = YES;
				CLANG_WARN_CONSTANT_CONVERSION = YES;
				CLANG_WARN_DEPRECATED_OBJC_IMPLEMENTATIONS = YES;
				CLANG_WARN_DIRECT_OBJC_ISA_USAGE = YES_ERROR;
				CLANG_WARN_DOCUMENTATION_COMMENTS = YES;
				CLANG_WARN_EMPTY_BODY = YES;
				CLANG_WARN_ENUM_CONVERSION = YES;
				CLANG_WARN_INFINITE_RECURSION = YES;
				CLANG_WARN_INT_CONVERSION = YES;
				CLANG_WARN_NON_LITERAL_NULL_CONVERSION = YES;
				CLANG_WARN_OBJC_IMPLICIT_RETAIN_SELF = YES;
				CLANG_WARN_OBJC_LITERAL_CONVERSION = YES;
				CLANG_WARN_OBJC_ROOT_CLASS = YES_ERROR;
				CLANG_WARN_RANGE_LOOP_ANALYSIS = YES;
				CLANG_WARN_STRICT_PROTOTYPES = YES;
				CLANG_WARN_SUSPICIOUS_MOVE = YES;
				CLANG_WARN_UNGUARDED_AVAILABILITY = YES_AGGRESSIVE;
				CLANG_WARN_UNREACHABLE_CODE = YES;
				CLANG_WARN__DUPLICATE_METHOD_MATCH = YES;
				CODE_SIGN_IDENTITY = "iPhone Developer";
				COPY_PHASE_STRIP = NO;
				DEBUG_INFORMATION_FORMAT = dwarf;
				ENABLE_STRICT_OBJC_MSGSEND = YES;
				ENABLE_TESTABILITY = YES;
				GCC_C_LANGUAGE_STANDARD = gnu11;
				GCC_DYNAMIC_NO_PIC = NO;
				GCC_NO_COMMON_BLOCKS = YES;
				GCC_OPTIMIZATION_LEVEL = 0;
				GCC_PREPROCESSOR_DEFINITIONS = (
					"DEBUG=1",
					"$(inherited)",
				);
				GCC_WARN_64_TO_32_BIT_CONVERSION = YES;
				GCC_WARN_ABOUT_RETURN_TYPE = YES_ERROR;
				GCC_WARN_UNDECLARED_SELECTOR = YES;
				GCC_WARN_UNINITIALIZED_AUTOS = YES_AGGRESSIVE;
				GCC_WARN_UNUSED_FUNCTION = YES;
				GCC_WARN_UNUSED_VARIABLE = YES;
				IPHONEOS_DEPLOYMENT_TARGET = 11.3;
				MTL_ENABLE_DEBUG_INFO = YES;
				ONLY_ACTIVE_ARCH = YES;
				SDKROOT = iphoneos;
			};
			name = Debug;
		};
		84CB2C17207642910025C9BA /* Release */ = {
			isa = XCBuildConfiguration;
			buildSettings = {
				ALWAYS_SEARCH_USER_PATHS = NO;
				CLANG_ANALYZER_NONNULL = YES;
				CLANG_ANALYZER_NUMBER_OBJECT_CONVERSION = YES_AGGRESSIVE;
				CLANG_CXX_LANGUAGE_STANDARD = "gnu++14";
				CLANG_CXX_LIBRARY = "libc++";
				CLANG_ENABLE_MODULES = YES;
				CLANG_ENABLE_OBJC_ARC = YES;
				CLANG_ENABLE_OBJC_WEAK = YES;
				CLANG_WARN_BLOCK_CAPTURE_AUTORELEASING = YES;
				CLANG_WARN_BOOL_CONVERSION = YES;
				CLANG_WARN_COMMA = YES;
				CLANG_WARN_CONSTANT_CONVERSION = YES;
				CLANG_WARN_DEPRECATED_OBJC_IMPLEMENTATIONS = YES;
				CLANG_WARN_DIRECT_OBJC_ISA_USAGE = YES_ERROR;
				CLANG_WARN_DOCUMENTATION_COMMENTS = YES;
				CLANG_WARN_EMPTY_BODY = YES;
				CLANG_WARN_ENUM_CONVERSION = YES;
				CLANG_WARN_INFINITE_RECURSION = YES;
				CLANG_WARN_INT_CONVERSION = YES;
				CLANG_WARN_NON_LITERAL_NULL_CONVERSION = YES;
				CLANG_WARN_OBJC_IMPLICIT_RETAIN_SELF = YES;
				CLANG_WARN_OBJC_LITERAL_CONVERSION = YES;
				CLANG_WARN_OBJC_ROOT_CLASS = YES_ERROR;
				CLANG_WARN_RANGE_LOOP_ANALYSIS = YES;
				CLANG_WARN_STRICT_PROTOTYPES = YES;
				CLANG_WARN_SUSPICIOUS_MOVE = YES;
				CLANG_WARN_UNGUARDED_AVAILABILITY = YES_AGGRESSIVE;
				CLANG_WARN_UNREACHABLE_CODE = YES;
				CLANG_WARN__DUPLICATE_METHOD_MATCH = YES;
				CODE_SIGN_IDENTITY = "iPhone Developer";
				COPY_PHASE_STRIP = NO;
				DEBUG_INFORMATION_FORMAT = "dwarf-with-dsym";
				ENABLE_NS_ASSERTIONS = NO;
				ENABLE_STRICT_OBJC_MSGSEND = YES;
				GCC_C_LANGUAGE_STANDARD = gnu11;
				GCC_NO_COMMON_BLOCKS = YES;
				GCC_WARN_64_TO_32_BIT_CONVERSION = YES;
				GCC_WARN_ABOUT_RETURN_TYPE = YES_ERROR;
				GCC_WARN_UNDECLARED_SELECTOR = YES;
				GCC_WARN_UNINITIALIZED_AUTOS = YES_AGGRESSIVE;
				GCC_WARN_UNUSED_FUNCTION = YES;
				GCC_WARN_UNUSED_VARIABLE = YES;
				IPHONEOS_DEPLOYMENT_TARGET = 11.3;
				MTL_ENABLE_DEBUG_INFO = NO;
				SDKROOT = iphoneos;
				VALIDATE_PRODUCT = YES;
			};
			name = Release;
		};
		84CB2C19207642910025C9BA /* Debug */ = {
			isa = XCBuildConfiguration;
			baseConfigurationReference = 237504212EC30DF95E6A98F4 /* Pods-TVMaze.debug.xcconfig */;
			buildSettings = {
				ASSETCATALOG_COMPILER_APPICON_NAME = AppIcon;
				ASSETCATALOG_COMPILER_LAUNCHIMAGE_NAME = LaunchImage;
				CODE_SIGN_STYLE = Automatic;
				DEVELOPMENT_TEAM = 7886G7Q823;
				INFOPLIST_FILE = TVMaze/Info.plist;
				LD_RUNPATH_SEARCH_PATHS = (
					"$(inherited)",
					"@executable_path/Frameworks",
				);
				PRODUCT_BUNDLE_IDENTIFIER = afse.TVMaze;
				PRODUCT_NAME = "$(TARGET_NAME)";
				TARGETED_DEVICE_FAMILY = "1,2";
			};
			name = Debug;
		};
		84CB2C1A207642910025C9BA /* Release */ = {
			isa = XCBuildConfiguration;
			baseConfigurationReference = FD2D8933287F2ACE9045AC60 /* Pods-TVMaze.release.xcconfig */;
			buildSettings = {
				ASSETCATALOG_COMPILER_APPICON_NAME = AppIcon;
				ASSETCATALOG_COMPILER_LAUNCHIMAGE_NAME = LaunchImage;
				CODE_SIGN_STYLE = Automatic;
				DEVELOPMENT_TEAM = 7886G7Q823;
				INFOPLIST_FILE = TVMaze/Info.plist;
				LD_RUNPATH_SEARCH_PATHS = (
					"$(inherited)",
					"@executable_path/Frameworks",
				);
				PRODUCT_BUNDLE_IDENTIFIER = afse.TVMaze;
				PRODUCT_NAME = "$(TARGET_NAME)";
				TARGETED_DEVICE_FAMILY = "1,2";
			};
			name = Release;
		};
		84CB2C1C207642910025C9BA /* Debug */ = {
			isa = XCBuildConfiguration;
			baseConfigurationReference = 8A938C755EB8CF2174FB98EC /* Pods-TVMazeTests.debug.xcconfig */;
			buildSettings = {
				BUNDLE_LOADER = "$(TEST_HOST)";
				CODE_SIGN_STYLE = Automatic;
				DEVELOPMENT_TEAM = 7886G7Q823;
				INFOPLIST_FILE = TVMazeTests/Info.plist;
				LD_RUNPATH_SEARCH_PATHS = (
					"$(inherited)",
					"@executable_path/Frameworks",
					"@loader_path/Frameworks",
				);
				PRODUCT_BUNDLE_IDENTIFIER = afse.TVMazeTests;
				PRODUCT_NAME = "$(TARGET_NAME)";
				TARGETED_DEVICE_FAMILY = "1,2";
				TEST_HOST = "$(BUILT_PRODUCTS_DIR)/TVMaze.app/TVMaze";
			};
			name = Debug;
		};
		84CB2C1D207642910025C9BA /* Release */ = {
			isa = XCBuildConfiguration;
			baseConfigurationReference = B47B49006C252A8DC85185B8 /* Pods-TVMazeTests.release.xcconfig */;
			buildSettings = {
				BUNDLE_LOADER = "$(TEST_HOST)";
				CODE_SIGN_STYLE = Automatic;
				DEVELOPMENT_TEAM = 7886G7Q823;
				INFOPLIST_FILE = TVMazeTests/Info.plist;
				LD_RUNPATH_SEARCH_PATHS = (
					"$(inherited)",
					"@executable_path/Frameworks",
					"@loader_path/Frameworks",
				);
				PRODUCT_BUNDLE_IDENTIFIER = afse.TVMazeTests;
				PRODUCT_NAME = "$(TARGET_NAME)";
				TARGETED_DEVICE_FAMILY = "1,2";
				TEST_HOST = "$(BUILT_PRODUCTS_DIR)/TVMaze.app/TVMaze";
			};
			name = Release;
		};
		84CB2C1F207642910025C9BA /* Debug */ = {
			isa = XCBuildConfiguration;
			baseConfigurationReference = 89540801342725E88951696E /* Pods-TVMazeUITests.debug.xcconfig */;
			buildSettings = {
				CODE_SIGN_STYLE = Automatic;
				DEVELOPMENT_TEAM = 7886G7Q823;
				INFOPLIST_FILE = TVMazeUITests/Info.plist;
				LD_RUNPATH_SEARCH_PATHS = (
					"$(inherited)",
					"@executable_path/Frameworks",
					"@loader_path/Frameworks",
				);
				PRODUCT_BUNDLE_IDENTIFIER = afse.TVMazeUITests;
				PRODUCT_NAME = "$(TARGET_NAME)";
				TARGETED_DEVICE_FAMILY = "1,2";
				TEST_TARGET_NAME = TVMaze;
			};
			name = Debug;
		};
		84CB2C20207642910025C9BA /* Release */ = {
			isa = XCBuildConfiguration;
			baseConfigurationReference = ACBF86BFAF55E5069289C7D8 /* Pods-TVMazeUITests.release.xcconfig */;
			buildSettings = {
				CODE_SIGN_STYLE = Automatic;
				DEVELOPMENT_TEAM = 7886G7Q823;
				INFOPLIST_FILE = TVMazeUITests/Info.plist;
				LD_RUNPATH_SEARCH_PATHS = (
					"$(inherited)",
					"@executable_path/Frameworks",
					"@loader_path/Frameworks",
				);
				PRODUCT_BUNDLE_IDENTIFIER = afse.TVMazeUITests;
				PRODUCT_NAME = "$(TARGET_NAME)";
				TARGETED_DEVICE_FAMILY = "1,2";
				TEST_TARGET_NAME = TVMaze;
			};
			name = Release;
		};
/* End XCBuildConfiguration section */

/* Begin XCConfigurationList section */
		84CB2BE72076428E0025C9BA /* Build configuration list for PBXProject "TVMaze" */ = {
			isa = XCConfigurationList;
			buildConfigurations = (
				84CB2C16207642910025C9BA /* Debug */,
				84CB2C17207642910025C9BA /* Release */,
			);
			defaultConfigurationIsVisible = 0;
			defaultConfigurationName = Release;
		};
		84CB2C18207642910025C9BA /* Build configuration list for PBXNativeTarget "TVMaze" */ = {
			isa = XCConfigurationList;
			buildConfigurations = (
				84CB2C19207642910025C9BA /* Debug */,
				84CB2C1A207642910025C9BA /* Release */,
			);
			defaultConfigurationIsVisible = 0;
			defaultConfigurationName = Release;
		};
		84CB2C1B207642910025C9BA /* Build configuration list for PBXNativeTarget "TVMazeTests" */ = {
			isa = XCConfigurationList;
			buildConfigurations = (
				84CB2C1C207642910025C9BA /* Debug */,
				84CB2C1D207642910025C9BA /* Release */,
			);
			defaultConfigurationIsVisible = 0;
			defaultConfigurationName = Release;
		};
		84CB2C1E207642910025C9BA /* Build configuration list for PBXNativeTarget "TVMazeUITests" */ = {
			isa = XCConfigurationList;
			buildConfigurations = (
				84CB2C1F207642910025C9BA /* Debug */,
				84CB2C20207642910025C9BA /* Release */,
			);
			defaultConfigurationIsVisible = 0;
			defaultConfigurationName = Release;
		};
/* End XCConfigurationList section */
	};
	rootObject = 84CB2BE42076428E0025C9BA /* Project object */;
}
